
Microsoft Visual Studio Solution File, Format Version 12.00
# Visual Studio Version 17
VisualStudioVersion = 17.0.32014.148
MinimumVisualStudioVersion = 10.0.40219.1
Project("{9A19103F-16F7-4668-BE54-9A1E7A4F7556}") = "TestInference", "TestInference.csproj", "{96098D91-7FAE-462C-8E58-2835AE17A654}"
EndProject
Global
	GlobalSection(SolutionConfigurationPlatforms) = preSolution
		Debug|Any CPU = Debug|Any CPU
		Release|Any CPU = Release|Any CPU
	EndGlobalSection
	GlobalSection(ProjectConfigurationPlatforms) = postSolution
		{96098D91-7FAE-462C-8E58-2835AE17A654}.Debug|Any CPU.ActiveCfg = Debug|Any CPU
		{96098D91-7FAE-462C-8E58-2835AE17A654}.Debug|Any CPU.Build.0 = Debug|Any CPU
		{96098D91-7FAE-462C-8E58-2835AE17A654}.Release|Any CPU.ActiveCfg = Release|Any CPU
		{96098D91-7FAE-462C-8E58-2835AE17A654}.Release|Any CPU.Build.0 = Release|Any CPU
	EndGlobalSection
	GlobalSection(SolutionProperties) = preSolution
		HideSolutionNode = FALSE
	EndGlobalSection
	GlobalSection(ExtensibilityGlobals) = postSolution
		SolutionGuid = {61B7E82A-A53D-4F15-B89F-40B1F199B39B}
	EndGlobalSection
EndGlobal
